// !$*UTF8*$!
{
	archiveVersion = 1;
	classes = {
	};
	objectVersion = 46;
	objects = {

/* Begin PBXBuildFile section */
		0723F6061FF5EF4E00BF4557 /* LKImageView+Example.m in Sources */ = {isa = PBXBuildFile; fileRef = 0723F6051FF5EF4E00BF4557 /* LKImageView+Example.m */; };
		0723F60A1FF606DB00BF4557 /* ExampleFastFileCache.m in Sources */ = {isa = PBXBuildFile; fileRef = 0723F6091FF606DB00BF4557 /* ExampleFastFileCache.m */; };
		073959151FF242C700D94D27 /* ExampleUtil.m in Sources */ = {isa = PBXBuildFile; fileRef = 073959141FF242C700D94D27 /* ExampleUtil.m */; };
		073AD0BD1FE8C11400DEAE34 /* Assets.xcassets in Resources */ = {isa = PBXBuildFile; fileRef = 073AD0B01FE8C11400DEAE34 /* Assets.xcassets */; };
		073AD0BE1FE8C11400DEAE34 /* LaunchScreen.storyboard in Resources */ = {isa = PBXBuildFile; fileRef = 073AD0B11FE8C11400DEAE34 /* LaunchScreen.storyboard */; };
		073AD0BF1FE8C11400DEAE34 /* Main.storyboard in Resources */ = {isa = PBXBuildFile; fileRef = 073AD0B31FE8C11400DEAE34 /* Main.storyboard */; };
		073AD0C01FE8C11400DEAE34 /* test.gif in Resources */ = {isa = PBXBuildFile; fileRef = 073AD0B51FE8C11400DEAE34 /* test.gif */; };
		073AD0C11FE8C11400DEAE34 /* AppDelegate.m in Sources */ = {isa = PBXBuildFile; fileRef = 073AD0B81FE8C11400DEAE34 /* AppDelegate.m */; };
		073AD0C21FE8C11400DEAE34 /* main.m in Sources */ = {isa = PBXBuildFile; fileRef = 073AD0B91FE8C11400DEAE34 /* main.m */; };
		073AD0C31FE8C11400DEAE34 /* MainViewController.m in Sources */ = {isa = PBXBuildFile; fileRef = 073AD0BB1FE8C11400DEAE34 /* MainViewController.m */; };
		073AD0CE1FE8C30F00DEAE34 /* LKImageKit.framework in Frameworks */ = {isa = PBXBuildFile; fileRef = 073AD0CB1FE8C23A00DEAE34 /* LKImageKit.framework */; };
		073AD0CF1FE8C45700DEAE34 /* LKImageKit.framework in Embed Frameworks */ = {isa = PBXBuildFile; fileRef = 073AD0CB1FE8C23A00DEAE34 /* LKImageKit.framework */; settings = {ATTRIBUTES = (CodeSignOnCopy, RemoveHeadersOnCopy, ); }; };
		073AD0F01FEB6F6A00DEAE34 /* ExampleCustomPropertyViewController.m in Sources */ = {isa = PBXBuildFile; fileRef = 073AD0EF1FEB6F6A00DEAE34 /* ExampleCustomPropertyViewController.m */; };
		073AD0F31FEB7B0A00DEAE34 /* ExampleImageWallViewController.m in Sources */ = {isa = PBXBuildFile; fileRef = 073AD0F21FEB7B0A00DEAE34 /* ExampleImageWallViewController.m */; };
		073AD0F51FEB840400DEAE34 /* ImageWall.png in Resources */ = {isa = PBXBuildFile; fileRef = 073AD0F41FEB840400DEAE34 /* ImageWall.png */; };
		073AD0F71FEB8DFE00DEAE34 /* CustomProperty.png in Resources */ = {isa = PBXBuildFile; fileRef = 073AD0F61FEB8DFE00DEAE34 /* CustomProperty.png */; };
		07467760205BEB6D0079A946 /* WebP.framework in Frameworks */ = {isa = PBXBuildFile; fileRef = 0746775D205BEB6D0079A946 /* WebP.framework */; };
		07467761205BEB6D0079A946 /* LKImageWebPDecoder.m in Sources */ = {isa = PBXBuildFile; fileRef = 0746775E205BEB6D0079A946 /* LKImageWebPDecoder.m */; };
		0770C87C201857090018407D /* Common.m in Sources */ = {isa = PBXBuildFile; fileRef = 0770C87B201857060018407D /* Common.m */; };
		07CAEE512004802A002B96CA /* ExampleImageWallOptimizedViewController.m in Sources */ = {isa = PBXBuildFile; fileRef = 07CAEE502004802A002B96CA /* ExampleImageWallOptimizedViewController.m */; };
		07CAEE54200483B3002B96CA /* ExampleNetworkFileLoader.m in Sources */ = {isa = PBXBuildFile; fileRef = 07CAEE53200483B3002B96CA /* ExampleNetworkFileLoader.m */; };
		07CAEE57200487CC002B96CA /* ExampleImageURLRequest.m in Sources */ = {isa = PBXBuildFile; fileRef = 07CAEE56200487CC002B96CA /* ExampleImageURLRequest.m */; };
/* End PBXBuildFile section */

/* Begin PBXContainerItemProxy section */
		073AD0CA1FE8C23A00DEAE34 /* PBXContainerItemProxy */ = {
			isa = PBXContainerItemProxy;
			containerPortal = 073AD0C61FE8C23A00DEAE34 /* LKImageKit.xcodeproj */;
			proxyType = 2;
			remoteGlobalIDString = 07EFAA8A1ECD46AD004D2A81;
			remoteInfo = LKImageKit;
		};
		073AD0CC1FE8C24300DEAE34 /* PBXContainerItemProxy */ = {
			isa = PBXContainerItemProxy;
			containerPortal = 073AD0C61FE8C23A00DEAE34 /* LKImageKit.xcodeproj */;
			proxyType = 1;
			remoteGlobalIDString = 07EFAA891ECD46AD004D2A81;
			remoteInfo = LKImageKit;
		};
/* End PBXContainerItemProxy section */

/* Begin PBXCopyFilesBuildPhase section */
		07EFAAF81ECD7EC7004D2A81 /* Embed Frameworks */ = {
			isa = PBXCopyFilesBuildPhase;
			buildActionMask = 2147483647;
			dstPath = "";
			dstSubfolderSpec = 10;
			files = (
				073AD0CF1FE8C45700DEAE34 /* LKImageKit.framework in Embed Frameworks */,
			);
			name = "Embed Frameworks";
			runOnlyForDeploymentPostprocessing = 0;
		};
/* End PBXCopyFilesBuildPhase section */

/* Begin PBXFileReference section */
		0713762C1BE06F0E00F86D65 /* LKImageViewExample.app */ = {isa = PBXFileReference; explicitFileType = wrapper.application; includeInIndex = 0; path = LKImageViewExample.app; sourceTree = BUILT_PRODUCTS_DIR; };
		0723F6041FF5EF4E00BF4557 /* LKImageView+Example.h */ = {isa = PBXFileReference; lastKnownFileType = sourcecode.c.h; path = "LKImageView+Example.h"; sourceTree = "<group>"; };
		0723F6051FF5EF4E00BF4557 /* LKImageView+Example.m */ = {isa = PBXFileReference; lastKnownFileType = sourcecode.c.objc; path = "LKImageView+Example.m"; sourceTree = "<group>"; };
		0723F6081FF606DB00BF4557 /* ExampleFastFileCache.h */ = {isa = PBXFileReference; lastKnownFileType = sourcecode.c.h; path = ExampleFastFileCache.h; sourceTree = "<group>"; };
		0723F6091FF606DB00BF4557 /* ExampleFastFileCache.m */ = {isa = PBXFileReference; lastKnownFileType = sourcecode.c.objc; path = ExampleFastFileCache.m; sourceTree = "<group>"; };
		073959131FF242C700D94D27 /* ExampleUtil.h */ = {isa = PBXFileReference; lastKnownFileType = sourcecode.c.h; path = ExampleUtil.h; sourceTree = "<group>"; };
		073959141FF242C700D94D27 /* ExampleUtil.m */ = {isa = PBXFileReference; lastKnownFileType = sourcecode.c.objc; path = ExampleUtil.m; sourceTree = "<group>"; };
		073AD0B01FE8C11400DEAE34 /* Assets.xcassets */ = {isa = PBXFileReference; lastKnownFileType = folder.assetcatalog; path = Assets.xcassets; sourceTree = "<group>"; };
		073AD0B21FE8C11400DEAE34 /* Base */ = {isa = PBXFileReference; lastKnownFileType = file.storyboard; name = Base; path = Base.lproj/LaunchScreen.storyboard; sourceTree = "<group>"; };
		073AD0B41FE8C11400DEAE34 /* Base */ = {isa = PBXFileReference; lastKnownFileType = file.storyboard; name = Base; path = Base.lproj/Main.storyboard; sourceTree = "<group>"; };
		073AD0B51FE8C11400DEAE34 /* test.gif */ = {isa = PBXFileReference; lastKnownFileType = image.gif; path = test.gif; sourceTree = "<group>"; };
		073AD0B71FE8C11400DEAE34 /* AppDelegate.h */ = {isa = PBXFileReference; fileEncoding = 4; lastKnownFileType = sourcecode.c.h; path = AppDelegate.h; sourceTree = "<group>"; };
		073AD0B81FE8C11400DEAE34 /* AppDelegate.m */ = {isa = PBXFileReference; fileEncoding = 4; lastKnownFileType = sourcecode.c.objc; path = AppDelegate.m; sourceTree = "<group>"; };
		073AD0B91FE8C11400DEAE34 /* main.m */ = {isa = PBXFileReference; fileEncoding = 4; lastKnownFileType = sourcecode.c.objc; path = main.m; sourceTree = "<group>"; };
		073AD0BA1FE8C11400DEAE34 /* MainViewController.h */ = {isa = PBXFileReference; fileEncoding = 4; lastKnownFileType = sourcecode.c.h; path = MainViewController.h; sourceTree = "<group>"; };
		073AD0BB1FE8C11400DEAE34 /* MainViewController.m */ = {isa = PBXFileReference; fileEncoding = 4; lastKnownFileType = sourcecode.c.objc; path = MainViewController.m; sourceTree = "<group>"; };
		073AD0BC1FE8C11400DEAE34 /* Info.plist */ = {isa = PBXFileReference; fileEncoding = 4; lastKnownFileType = text.plist.xml; path = Info.plist; sourceTree = "<group>"; };
		073AD0C61FE8C23A00DEAE34 /* LKImageKit.xcodeproj */ = {isa = PBXFileReference; lastKnownFileType = "wrapper.pb-project"; name = LKImageKit.xcodeproj; path = ../LKImageKit/LKImageKit.xcodeproj; sourceTree = "<group>"; };
		073AD0EE1FEB6F6A00DEAE34 /* ExampleCustomPropertyViewController.h */ = {isa = PBXFileReference; lastKnownFileType = sourcecode.c.h; path = ExampleCustomPropertyViewController.h; sourceTree = "<group>"; };
		073AD0EF1FEB6F6A00DEAE34 /* ExampleCustomPropertyViewController.m */ = {isa = PBXFileReference; lastKnownFileType = sourcecode.c.objc; path = ExampleCustomPropertyViewController.m; sourceTree = "<group>"; };
		073AD0F11FEB7B0A00DEAE34 /* ExampleImageWallViewController.h */ = {isa = PBXFileReference; lastKnownFileType = sourcecode.c.h; path = ExampleImageWallViewController.h; sourceTree = "<group>"; };
		073AD0F21FEB7B0A00DEAE34 /* ExampleImageWallViewController.m */ = {isa = PBXFileReference; lastKnownFileType = sourcecode.c.objc; path = ExampleImageWallViewController.m; sourceTree = "<group>"; };
		073AD0F41FEB840400DEAE34 /* ImageWall.png */ = {isa = PBXFileReference; lastKnownFileType = image.png; path = ImageWall.png; sourceTree = "<group>"; };
		073AD0F61FEB8DFE00DEAE34 /* CustomProperty.png */ = {isa = PBXFileReference; lastKnownFileType = image.png; path = CustomProperty.png; sourceTree = "<group>"; };
		0746775D205BEB6D0079A946 /* WebP.framework */ = {isa = PBXFileReference; lastKnownFileType = wrapper.framework; path = WebP.framework; sourceTree = "<group>"; };
		0746775E205BEB6D0079A946 /* LKImageWebPDecoder.m */ = {isa = PBXFileReference; fileEncoding = 4; lastKnownFileType = sourcecode.c.objc; path = LKImageWebPDecoder.m; sourceTree = "<group>"; };
		0746775F205BEB6D0079A946 /* LKImageWebPDecoder.h */ = {isa = PBXFileReference; fileEncoding = 4; lastKnownFileType = sourcecode.c.h; path = LKImageWebPDecoder.h; sourceTree = "<group>"; };
		0770C87A201857060018407D /* Common.h */ = {isa = PBXFileReference; lastKnownFileType = sourcecode.c.h; path = Common.h; sourceTree = "<group>"; };
		0770C87B201857060018407D /* Common.m */ = {isa = PBXFileReference; lastKnownFileType = sourcecode.c.objc; path = Common.m; sourceTree = "<group>"; };
		07CAEE4F2004802A002B96CA /* ExampleImageWallOptimizedViewController.h */ = {isa = PBXFileReference; lastKnownFileType = sourcecode.c.h; path = ExampleImageWallOptimizedViewController.h; sourceTree = "<group>"; };
		07CAEE502004802A002B96CA /* ExampleImageWallOptimizedViewController.m */ = {isa = PBXFileReference; lastKnownFileType = sourcecode.c.objc; path = ExampleImageWallOptimizedViewController.m; sourceTree = "<group>"; };
		07CAEE52200483B3002B96CA /* ExampleNetworkFileLoader.h */ = {isa = PBXFileReference; lastKnownFileType = sourcecode.c.h; path = ExampleNetworkFileLoader.h; sourceTree = "<group>"; };
		07CAEE53200483B3002B96CA /* ExampleNetworkFileLoader.m */ = {isa = PBXFileReference; lastKnownFileType = sourcecode.c.objc; path = ExampleNetworkFileLoader.m; sourceTree = "<group>"; };
		07CAEE55200487CC002B96CA /* ExampleImageURLRequest.h */ = {isa = PBXFileReference; lastKnownFileType = sourcecode.c.h; path = ExampleImageURLRequest.h; sourceTree = "<group>"; };
		07CAEE56200487CC002B96CA /* ExampleImageURLRequest.m */ = {isa = PBXFileReference; lastKnownFileType = sourcecode.c.objc; path = ExampleImageURLRequest.m; sourceTree = "<group>"; };
/* End PBXFileReference section */

/* Begin PBXFrameworksBuildPhase section */
		071376291BE06F0E00F86D65 /* Frameworks */ = {
			isa = PBXFrameworksBuildPhase;
			buildActionMask = 2147483647;
			files = (
				07467760205BEB6D0079A946 /* WebP.framework in Frameworks */,
				073AD0CE1FE8C30F00DEAE34 /* LKImageKit.framework in Frameworks */,
			);
			runOnlyForDeploymentPostprocessing = 0;
		};
/* End PBXFrameworksBuildPhase section */

/* Begin PBXGroup section */
		071376231BE06F0D00F86D65 = {
			isa = PBXGroup;
			children = (
				073AD0BC1FE8C11400DEAE34 /* Info.plist */,
				0746775B205BEB360079A946 /* Plugin */,
				073AD0B61FE8C11400DEAE34 /* Class */,
				073AD0AF1FE8C11400DEAE34 /* Resource */,
				073AD0C51FE8C21900DEAE34 /* LKImageKit */,
				0713762D1BE06F0E00F86D65 /* Products */,
				079406C41F19FC85001F844C /* Frameworks */,
			);
			sourceTree = "<group>";
		};
		0713762D1BE06F0E00F86D65 /* Products */ = {
			isa = PBXGroup;
			children = (
				0713762C1BE06F0E00F86D65 /* LKImageViewExample.app */,
			);
			name = Products;
			sourceTree = "<group>";
		};
		0723F6071FF606B700BF4557 /* ExampleImageWall */ = {
			isa = PBXGroup;
			children = (
				073AD0F11FEB7B0A00DEAE34 /* ExampleImageWallViewController.h */,
				073AD0F21FEB7B0A00DEAE34 /* ExampleImageWallViewController.m */,
			);
			path = ExampleImageWall;
			sourceTree = "<group>";
		};
		073AD0AF1FE8C11400DEAE34 /* Resource */ = {
			isa = PBXGroup;
			children = (
				073AD0F41FEB840400DEAE34 /* ImageWall.png */,
				073AD0F61FEB8DFE00DEAE34 /* CustomProperty.png */,
				073AD0B01FE8C11400DEAE34 /* Assets.xcassets */,
				073AD0B11FE8C11400DEAE34 /* LaunchScreen.storyboard */,
				073AD0B31FE8C11400DEAE34 /* Main.storyboard */,
				073AD0B51FE8C11400DEAE34 /* test.gif */,
			);
			path = Resource;
			sourceTree = "<group>";
		};
		073AD0B61FE8C11400DEAE34 /* Class */ = {
			isa = PBXGroup;
			children = (
				07CAEE4D20047F24002B96CA /* ExampleCustomProperty */,
				0723F6071FF606B700BF4557 /* ExampleImageWall */,
				07CAEE4E20047F62002B96CA /* ExampleImageWallOptimized */,
				073AD0B71FE8C11400DEAE34 /* AppDelegate.h */,
				073AD0B81FE8C11400DEAE34 /* AppDelegate.m */,
				073AD0B91FE8C11400DEAE34 /* main.m */,
				073AD0BA1FE8C11400DEAE34 /* MainViewController.h */,
				073AD0BB1FE8C11400DEAE34 /* MainViewController.m */,
				073959131FF242C700D94D27 /* ExampleUtil.h */,
				073959141FF242C700D94D27 /* ExampleUtil.m */,
				0723F6041FF5EF4E00BF4557 /* LKImageView+Example.h */,
				0723F6051FF5EF4E00BF4557 /* LKImageView+Example.m */,
				0770C87A201857060018407D /* Common.h */,
				0770C87B201857060018407D /* Common.m */,
			);
			path = Class;
			sourceTree = "<group>";
		};
		073AD0C51FE8C21900DEAE34 /* LKImageKit */ = {
			isa = PBXGroup;
			children = (
				073AD0C61FE8C23A00DEAE34 /* LKImageKit.xcodeproj */,
			);
			name = LKImageKit;
			sourceTree = "<group>";
		};
		073AD0C71FE8C23A00DEAE34 /* Products */ = {
			isa = PBXGroup;
			children = (
				073AD0CB1FE8C23A00DEAE34 /* LKImageKit.framework */,
			);
			name = Products;
			sourceTree = "<group>";
		};
		0746775B205BEB360079A946 /* Plugin */ = {
			isa = PBXGroup;
			children = (
				0746775C205BEB360079A946 /* LKImageWebPDecoder */,
			);
			name = Plugin;
			path = ../Plugin;
			sourceTree = "<group>";
		};
		0746775C205BEB360079A946 /* LKImageWebPDecoder */ = {
			isa = PBXGroup;
			children = (
				0746775F205BEB6D0079A946 /* LKImageWebPDecoder.h */,
				0746775E205BEB6D0079A946 /* LKImageWebPDecoder.m */,
				0746775D205BEB6D0079A946 /* WebP.framework */,
			);
			path = LKImageWebPDecoder;
			sourceTree = "<group>";
		};
		079406C41F19FC85001F844C /* Frameworks */ = {
			isa = PBXGroup;
			children = (
			);
			name = Frameworks;
			sourceTree = "<group>";
		};
		07CAEE4D20047F24002B96CA /* ExampleCustomProperty */ = {
			isa = PBXGroup;
			children = (
				073AD0EE1FEB6F6A00DEAE34 /* ExampleCustomPropertyViewController.h */,
				073AD0EF1FEB6F6A00DEAE34 /* ExampleCustomPropertyViewController.m */,
			);
			path = ExampleCustomProperty;
			sourceTree = "<group>";
		};
		07CAEE4E20047F62002B96CA /* ExampleImageWallOptimized */ = {
			isa = PBXGroup;
			children = (
				07CAEE4F2004802A002B96CA /* ExampleImageWallOptimizedViewController.h */,
				07CAEE502004802A002B96CA /* ExampleImageWallOptimizedViewController.m */,
				0723F6081FF606DB00BF4557 /* ExampleFastFileCache.h */,
				0723F6091FF606DB00BF4557 /* ExampleFastFileCache.m */,
				07CAEE52200483B3002B96CA /* ExampleNetworkFileLoader.h */,
				07CAEE53200483B3002B96CA /* ExampleNetworkFileLoader.m */,
				07CAEE55200487CC002B96CA /* ExampleImageURLRequest.h */,
				07CAEE56200487CC002B96CA /* ExampleImageURLRequest.m */,
			);
			path = ExampleImageWallOptimized;
			sourceTree = "<group>";
		};
/* End PBXGroup section */

/* Begin PBXNativeTarget section */
		0713762B1BE06F0E00F86D65 /* LKImageViewExample */ = {
			isa = PBXNativeTarget;
			buildConfigurationList = 071376431BE06F0E00F86D65 /* Build configuration list for PBXNativeTarget "LKImageViewExample" */;
			buildPhases = (
				071376281BE06F0E00F86D65 /* Sources */,
				071376291BE06F0E00F86D65 /* Frameworks */,
				0713762A1BE06F0E00F86D65 /* Resources */,
				07EFAAF81ECD7EC7004D2A81 /* Embed Frameworks */,
			);
			buildRules = (
			);
			dependencies = (
				073AD0CD1FE8C24300DEAE34 /* PBXTargetDependency */,
			);
			name = LKImageViewExample;
			productName = QZImageViewExample;
			productReference = 0713762C1BE06F0E00F86D65 /* LKImageViewExample.app */;
			productType = "com.apple.product-type.application";
		};
/* End PBXNativeTarget section */

/* Begin PBXProject section */
		071376241BE06F0D00F86D65 /* Project object */ = {
			isa = PBXProject;
			attributes = {
				LastUpgradeCheck = 0900;
				ORGANIZATIONNAME = lingtonke;
				TargetAttributes = {
					0713762B1BE06F0E00F86D65 = {
						CreatedOnToolsVersion = 7.1;
						DevelopmentTeam = 557RBV9698;
						DevelopmentTeamName = "lingjie ke (Personal Team)";
						ProvisioningStyle = Automatic;
					};
				};
			};
			buildConfigurationList = 071376271BE06F0D00F86D65 /* Build configuration list for PBXProject "LKImageViewExample" */;
			compatibilityVersion = "Xcode 3.2";
			developmentRegion = English;
			hasScannedForEncodings = 0;
			knownRegions = (
				en,
				Base,
			);
			mainGroup = 071376231BE06F0D00F86D65;
			productRefGroup = 0713762D1BE06F0E00F86D65 /* Products */;
			projectDirPath = "";
			projectReferences = (
				{
					ProductGroup = 073AD0C71FE8C23A00DEAE34 /* Products */;
					ProjectRef = 073AD0C61FE8C23A00DEAE34 /* LKImageKit.xcodeproj */;
				},
			);
			projectRoot = "";
			targets = (
				0713762B1BE06F0E00F86D65 /* LKImageViewExample */,
			);
		};
/* End PBXProject section */

/* Begin PBXReferenceProxy section */
		073AD0CB1FE8C23A00DEAE34 /* LKImageKit.framework */ = {
			isa = PBXReferenceProxy;
			fileType = wrapper.framework;
			path = LKImageKit.framework;
			remoteRef = 073AD0CA1FE8C23A00DEAE34 /* PBXContainerItemProxy */;
			sourceTree = BUILT_PRODUCTS_DIR;
		};
/* End PBXReferenceProxy section */

/* Begin PBXResourcesBuildPhase section */
		0713762A1BE06F0E00F86D65 /* Resources */ = {
			isa = PBXResourcesBuildPhase;
			buildActionMask = 2147483647;
			files = (
				073AD0C01FE8C11400DEAE34 /* test.gif in Resources */,
				073AD0BF1FE8C11400DEAE34 /* Main.storyboard in Resources */,
				073AD0BD1FE8C11400DEAE34 /* Assets.xcassets in Resources */,
				073AD0BE1FE8C11400DEAE34 /* LaunchScreen.storyboard in Resources */,
				073AD0F71FEB8DFE00DEAE34 /* CustomProperty.png in Resources */,
				073AD0F51FEB840400DEAE34 /* ImageWall.png in Resources */,
			);
			runOnlyForDeploymentPostprocessing = 0;
		};
/* End PBXResourcesBuildPhase section */

/* Begin PBXSourcesBuildPhase section */
		071376281BE06F0E00F86D65 /* Sources */ = {
			isa = PBXSourcesBuildPhase;
			buildActionMask = 2147483647;
			files = (
				0770C87C201857090018407D /* Common.m in Sources */,
				073AD0C31FE8C11400DEAE34 /* MainViewController.m in Sources */,
				07CAEE512004802A002B96CA /* ExampleImageWallOptimizedViewController.m in Sources */,
				07467761205BEB6D0079A946 /* LKImageWebPDecoder.m in Sources */,
				073AD0C21FE8C11400DEAE34 /* main.m in Sources */,
				073959151FF242C700D94D27 /* ExampleUtil.m in Sources */,
				073AD0C11FE8C11400DEAE34 /* AppDelegate.m in Sources */,
				073AD0F31FEB7B0A00DEAE34 /* ExampleImageWallViewController.m in Sources */,
				07CAEE54200483B3002B96CA /* ExampleNetworkFileLoader.m in Sources */,
				0723F6061FF5EF4E00BF4557 /* LKImageView+Example.m in Sources */,
				073AD0F01FEB6F6A00DEAE34 /* ExampleCustomPropertyViewController.m in Sources */,
				0723F60A1FF606DB00BF4557 /* ExampleFastFileCache.m in Sources */,
				07CAEE57200487CC002B96CA /* ExampleImageURLRequest.m in Sources */,
			);
			runOnlyForDeploymentPostprocessing = 0;
		};
/* End PBXSourcesBuildPhase section */

/* Begin PBXTargetDependency section */
		073AD0CD1FE8C24300DEAE34 /* PBXTargetDependency */ = {
			isa = PBXTargetDependency;
			name = LKImageKit;
			targetProxy = 073AD0CC1FE8C24300DEAE34 /* PBXContainerItemProxy */;
		};
/* End PBXTargetDependency section */

/* Begin PBXVariantGroup section */
		073AD0B11FE8C11400DEAE34 /* LaunchScreen.storyboard */ = {
			isa = PBXVariantGroup;
			children = (
				073AD0B21FE8C11400DEAE34 /* Base */,
			);
			name = LaunchScreen.storyboard;
			sourceTree = "<group>";
		};
		073AD0B31FE8C11400DEAE34 /* Main.storyboard */ = {
			isa = PBXVariantGroup;
			children = (
				073AD0B41FE8C11400DEAE34 /* Base */,
			);
			name = Main.storyboard;
			sourceTree = "<group>";
		};
/* End PBXVariantGroup section */

/* Begin XCBuildConfiguration section */
		071376411BE06F0E00F86D65 /* Debug */ = {
			isa = XCBuildConfiguration;
			buildSettings = {
				ALWAYS_SEARCH_USER_PATHS = NO;
				CLANG_CXX_LANGUAGE_STANDARD = "gnu++0x";
				CLANG_CXX_LIBRARY = "libc++";
				CLANG_ENABLE_MODULES = YES;
				CLANG_ENABLE_OBJC_ARC = YES;
				CLANG_WARN_BLOCK_CAPTURE_AUTORELEASING = YES;
				CLANG_WARN_BOOL_CONVERSION = YES;
				CLANG_WARN_COMMA = YES;
				CLANG_WARN_CONSTANT_CONVERSION = YES;
				CLANG_WARN_DIRECT_OBJC_ISA_USAGE = YES_ERROR;
				CLANG_WARN_EMPTY_BODY = YES;
				CLANG_WARN_ENUM_CONVERSION = YES;
				CLANG_WARN_INFINITE_RECURSION = YES;
				CLANG_WARN_INT_CONVERSION = YES;
				CLANG_WARN_NON_LITERAL_NULL_CONVERSION = YES;
				CLANG_WARN_OBJC_LITERAL_CONVERSION = YES;
				CLANG_WARN_OBJC_ROOT_CLASS = YES_ERROR;
				CLANG_WARN_RANGE_LOOP_ANALYSIS = YES;
				CLANG_WARN_STRICT_PROTOTYPES = YES;
				CLANG_WARN_SUSPICIOUS_MOVE = YES;
				CLANG_WARN_UNREACHABLE_CODE = YES;
				CLANG_WARN__DUPLICATE_METHOD_MATCH = YES;
				"CODE_SIGN_IDENTITY[sdk=iphoneos*]" = "iPhone Developer";
				COPY_PHASE_STRIP = NO;
				DEBUG_INFORMATION_FORMAT = dwarf;
				ENABLE_STRICT_OBJC_MSGSEND = YES;
				ENABLE_TESTABILITY = YES;
				GCC_C_LANGUAGE_STANDARD = gnu99;
				GCC_DYNAMIC_NO_PIC = NO;
				GCC_NO_COMMON_BLOCKS = YES;
				GCC_OPTIMIZATION_LEVEL = 0;
				GCC_PREPROCESSOR_DEFINITIONS = (
					"DEBUG=1",
					"$(inherited)",
				);
				GCC_WARN_64_TO_32_BIT_CONVERSION = YES;
				GCC_WARN_ABOUT_RETURN_TYPE = YES_ERROR;
				GCC_WARN_UNDECLARED_SELECTOR = YES;
				GCC_WARN_UNINITIALIZED_AUTOS = YES_AGGRESSIVE;
				GCC_WARN_UNUSED_FUNCTION = YES;
				GCC_WARN_UNUSED_VARIABLE = YES;
				IPHONEOS_DEPLOYMENT_TARGET = 9.1;
				MTL_ENABLE_DEBUG_INFO = YES;
				ONLY_ACTIVE_ARCH = YES;
				SDKROOT = iphoneos;
				TARGETED_DEVICE_FAMILY = "1,2";
			};
			name = Debug;
		};
		071376421BE06F0E00F86D65 /* Release */ = {
			isa = XCBuildConfiguration;
			buildSettings = {
				ALWAYS_SEARCH_USER_PATHS = NO;
				CLANG_CXX_LANGUAGE_STANDARD = "gnu++0x";
				CLANG_CXX_LIBRARY = "libc++";
				CLANG_ENABLE_MODULES = YES;
				CLANG_ENABLE_OBJC_ARC = YES;
				CLANG_WARN_BLOCK_CAPTURE_AUTORELEASING = YES;
				CLANG_WARN_BOOL_CONVERSION = YES;
				CLANG_WARN_COMMA = YES;
				CLANG_WARN_CONSTANT_CONVERSION = YES;
				CLANG_WARN_DIRECT_OBJC_ISA_USAGE = YES_ERROR;
				CLANG_WARN_EMPTY_BODY = YES;
				CLANG_WARN_ENUM_CONVERSION = YES;
				CLANG_WARN_INFINITE_RECURSION = YES;
				CLANG_WARN_INT_CONVERSION = YES;
				CLANG_WARN_NON_LITERAL_NULL_CONVERSION = YES;
				CLANG_WARN_OBJC_LITERAL_CONVERSION = YES;
				CLANG_WARN_OBJC_ROOT_CLASS = YES_ERROR;
				CLANG_WARN_RANGE_LOOP_ANALYSIS = YES;
				CLANG_WARN_STRICT_PROTOTYPES = YES;
				CLANG_WARN_SUSPICIOUS_MOVE = YES;
				CLANG_WARN_UNREACHABLE_CODE = YES;
				CLANG_WARN__DUPLICATE_METHOD_MATCH = YES;
				"CODE_SIGN_IDENTITY[sdk=iphoneos*]" = "iPhone Developer";
				COPY_PHASE_STRIP = NO;
				DEBUG_INFORMATION_FORMAT = "dwarf-with-dsym";
				ENABLE_NS_ASSERTIONS = NO;
				ENABLE_STRICT_OBJC_MSGSEND = YES;
				GCC_C_LANGUAGE_STANDARD = gnu99;
				GCC_NO_COMMON_BLOCKS = YES;
				GCC_WARN_64_TO_32_BIT_CONVERSION = YES;
				GCC_WARN_ABOUT_RETURN_TYPE = YES_ERROR;
				GCC_WARN_UNDECLARED_SELECTOR = YES;
				GCC_WARN_UNINITIALIZED_AUTOS = YES_AGGRESSIVE;
				GCC_WARN_UNUSED_FUNCTION = YES;
				GCC_WARN_UNUSED_VARIABLE = YES;
				IPHONEOS_DEPLOYMENT_TARGET = 9.1;
				MTL_ENABLE_DEBUG_INFO = NO;
				SDKROOT = iphoneos;
				TARGETED_DEVICE_FAMILY = "1,2";
				VALIDATE_PRODUCT = YES;
			};
			name = Release;
		};
		071376441BE06F0E00F86D65 /* Debug */ = {
			isa = XCBuildConfiguration;
			buildSettings = {
				ASSETCATALOG_COMPILER_APPICON_NAME = AppIcon;
				ASSETCATALOG_COMPILER_LAUNCHIMAGE_NAME = LaunchImage;
				CODE_SIGN_IDENTITY = "iPhone Developer";
				"CODE_SIGN_IDENTITY[sdk=iphoneos*]" = "iPhone Developer";
				DEVELOPMENT_TEAM = 557RBV9698;
				FRAMEWORK_SEARCH_PATHS = "\"$(SRCROOT)/../Plugin\"/**";
				FRAMEWORK_VERSION = "";
				INFOPLIST_FILE = "$(SRCROOT)/Info.plist";
				LD_RUNPATH_SEARCH_PATHS = "$(inherited) @executable_path/Frameworks";
				LIBRARY_SEARCH_PATHS = "$(inherited)";
				PRODUCT_BUNDLE_IDENTIFIER = com.klj.lkimagekit;
				PRODUCT_NAME = "$(TARGET_NAME)";
				PROVISIONING_PROFILE = "";
			};
			name = Debug;
		};
		071376451BE06F0E00F86D65 /* Release */ = {
			isa = XCBuildConfiguration;
			buildSettings = {
				ASSETCATALOG_COMPILER_APPICON_NAME = AppIcon;
				ASSETCATALOG_COMPILER_LAUNCHIMAGE_NAME = LaunchImage;
				CODE_SIGN_IDENTITY = "iPhone Developer";
				"CODE_SIGN_IDENTITY[sdk=iphoneos*]" = "iPhone Developer";
				DEVELOPMENT_TEAM = 557RBV9698;
				FRAMEWORK_SEARCH_PATHS = "\"$(SRCROOT)/../Plugin\"/**";
				FRAMEWORK_VERSION = "";
				INFOPLIST_FILE = "$(SRCROOT)/Info.plist";
				LD_RUNPATH_SEARCH_PATHS = "$(inherited) @executable_path/Frameworks";
				LIBRARY_SEARCH_PATHS = "$(inherited)";
				PRODUCT_BUNDLE_IDENTIFIER = com.klj.lkimagekit;
				PRODUCT_NAME = "$(TARGET_NAME)";
				PROVISIONING_PROFILE = "";
			};
			name = Release;
		};
/* End XCBuildConfiguration section */

/* Begin XCConfigurationList section */
		071376271BE06F0D00F86D65 /* Build configuration list for PBXProject "LKImageViewExample" */ = {
			isa = XCConfigurationList;
			buildConfigurations = (
				071376411BE06F0E00F86D65 /* Debug */,
				071376421BE06F0E00F86D65 /* Release */,
			);
			defaultConfigurationIsVisible = 0;
			defaultConfigurationName = Release;
		};
		071376431BE06F0E00F86D65 /* Build configuration list for PBXNativeTarget "LKImageViewExample" */ = {
			isa = XCConfigurationList;
			buildConfigurations = (
				071376441BE06F0E00F86D65 /* Debug */,
				071376451BE06F0E00F86D65 /* Release */,
			);
			defaultConfigurationIsVisible = 0;
			defaultConfigurationName = Release;
		};
/* End XCConfigurationList section */
	};
	rootObject = 071376241BE06F0D00F86D65 /* Project object */;
}
